
Microsoft Visual Studio Solution File, Format Version 12.00
# Visual Studio Version 16
VisualStudioVersion = 16.0.31605.320
MinimumVisualStudioVersion = 10.0.40219.1
Project("{9A19103F-16F7-4668-BE54-9A1E7A4F7556}") = "DapperExtensions", "DapperExtensions.csproj", "{44D5716E-FEDB-44CB-829D-73E56D37BFC1}"
EndProject
Project("{FAE04EC0-301F-11D3-BF4B-00C04F79EFBC}") = "DapperExtensionsTests", "..\DapperExtensionsTests\DapperExtensionsTests.csproj", "{B5147DF9-5FD7-40E5-9B45-19DDFFD49537}"
EndProject
Global
	GlobalSection(SolutionConfigurationPlatforms) = preSolution
		Debug|Any CPU = Debug|Any CPU
		Release|Any CPU = Release|Any CPU
	EndGlobalSection
	GlobalSection(ProjectConfigurationPlatforms) = postSolution
		{44D5716E-FEDB-44CB-829D-73E56D37BFC1}.Debug|Any CPU.ActiveCfg = Debug|Any CPU
		{44D5716E-FEDB-44CB-829D-73E56D37BFC1}.Debug|Any CPU.Build.0 = Debug|Any CPU
		{44D5716E-FEDB-44CB-829D-73E56D37BFC1}.Release|Any CPU.ActiveCfg = Release|Any CPU
		{44D5716E-FEDB-44CB-829D-73E56D37BFC1}.Release|Any CPU.Build.0 = Release|Any CPU
		{B5147DF9-5FD7-40E5-9B45-19DDFFD49537}.Debug|Any CPU.ActiveCfg = Debug|Any CPU
		{B5147DF9-5FD7-40E5-9B45-19DDFFD49537}.Debug|Any CPU.Build.0 = Debug|Any CPU
		{B5147DF9-5FD7-40E5-9B45-19DDFFD49537}.Release|Any CPU.ActiveCfg = Release|Any CPU
		{B5147DF9-5FD7-40E5-9B45-19DDFFD49537}.Release|Any CPU.Build.0 = Release|Any CPU
	EndGlobalSection
	GlobalSection(SolutionProperties) = preSolution
		HideSolutionNode = FALSE
	EndGlobalSection
	GlobalSection(ExtensibilityGlobals) = postSolution
		SolutionGuid = {482797BC-0CCB-4054-8447-3B4B2B3F167F}
	EndGlobalSection
EndGlobal
